
Microsoft Visual Studio Solution File, Format Version 12.00
# Visual Studio Version 17
VisualStudioVersion = 17.0.31903.59
MinimumVisualStudioVersion = 10.0.40219.1
Project("{FAE04EC0-301F-11D3-BF4B-00C04F79EFBC}") = "sistemaWeb_ventasOnline", "sistemaWeb_ventasOnline\sistemaWeb_ventasOnline.csproj", "{FE83308F-3F21-4D16-9726-8566B6D6E2FE}"
EndProject
Global
	GlobalSection(SolutionConfigurationPlatforms) = preSolution
		Debug|Any CPU = Debug|Any CPU
		Release|Any CPU = Release|Any CPU
	EndGlobalSection
	GlobalSection(SolutionProperties) = preSolution
		HideSolutionNode = FALSE
	EndGlobalSection
	GlobalSection(ProjectConfigurationPlatforms) = postSolution
		{FE83308F-3F21-4D16-9726-8566B6D6E2FE}.Debug|Any CPU.ActiveCfg = Debug|Any CPU
		{FE83308F-3F21-4D16-9726-8566B6D6E2FE}.Debug|Any CPU.Build.0 = Debug|Any CPU
		{FE83308F-3F21-4D16-9726-8566B6D6E2FE}.Release|Any CPU.ActiveCfg = Release|Any CPU
		{FE83308F-3F21-4D16-9726-8566B6D6E2FE}.Release|Any CPU.Build.0 = Release|Any CPU
	EndGlobalSection
EndGlobal
